
Microsoft Visual Studio Solution File, Format Version 12.00
# Visual Studio Version 17
VisualStudioVersion = 17.4.33122.133
MinimumVisualStudioVersion = 10.0.40219.1
Project("{FAE04EC0-301F-11D3-BF4B-00C04F79EFBC}") = "SalesWebMVC", "SalesWebMVC\SalesWebMVC.csproj", "{331D60A4-03B1-4A29-9659-34859D307E52}"
EndProject
Global
	GlobalSection(SolutionConfigurationPlatforms) = preSolution
		Debug|Any CPU = Debug|Any CPU
		Release|Any CPU = Release|Any CPU
	EndGlobalSection
	GlobalSection(ProjectConfigurationPlatforms) = postSolution
		{331D60A4-03B1-4A29-9659-34859D307E52}.Debug|Any CPU.ActiveCfg = Debug|Any CPU
		{331D60A4-03B1-4A29-9659-34859D307E52}.Debug|Any CPU.Build.0 = Debug|Any CPU
		{331D60A4-03B1-4A29-9659-34859D307E52}.Release|Any CPU.ActiveCfg = Release|Any CPU
		{331D60A4-03B1-4A29-9659-34859D307E52}.Release|Any CPU.Build.0 = Release|Any CPU
	EndGlobalSection
	GlobalSection(SolutionProperties) = preSolution
		HideSolutionNode = FALSE
	EndGlobalSection
	GlobalSection(ExtensibilityGlobals) = postSolution
		SolutionGuid = {98D85E35-4F9D-4F5C-9224-E29EF041C922}
	EndGlobalSection
EndGlobal
